
Microsoft Visual Studio Solution File, Format Version 12.00
# Visual Studio Version 16
VisualStudioVersion = 16.0.29509.3
MinimumVisualStudioVersion = 10.0.40219.1
Project("{2150E333-8FDC-42A3-9474-1A3956D46DE8}") = "Application", "Application", "{B28D0A45-BF47-4852-BE4F-8D0FAF7674CE}"
EndProject
Project("{2150E333-8FDC-42A3-9474-1A3956D46DE8}") = "Entity", "Entity", "{35EE5B09-761E-474D-ABEA-ECD5F8778B69}"
EndProject
Project("{2150E333-8FDC-42A3-9474-1A3956D46DE8}") = "Business", "Business", "{D389E3DE-AEE1-42BD-BA0F-F64B6DB7E61D}"
EndProject
Project("{2150E333-8FDC-42A3-9474-1A3956D46DE8}") = "Data", "Data", "{1335E058-74CC-4F5A-AA3D-96A1C8EBE916}"
EndProject
Project("{2150E333-8FDC-42A3-9474-1A3956D46DE8}") = "Repository", "Repository", "{B203853F-9565-4A34-BB22-50CC7A5C05B0}"
EndProject
Project("{FAE04EC0-301F-11D3-BF4B-00C04F79EFBC}") = "Entity", "Entity\Entity.csproj", "{34BF625A-69B5-41C2-B9DD-06FF480ACBB7}"
EndProject
Project("{FAE04EC0-301F-11D3-BF4B-00C04F79EFBC}") = "Business", "Business\Business.csproj", "{83F6F965-FA4E-4E1F-B29B-D1A027E2CD97}"
EndProject
Project("{FAE04EC0-301F-11D3-BF4B-00C04F79EFBC}") = "Repository", "Repository\Repository.csproj", "{BA6033C3-804A-4568-9068-ADA3918E06E0}"
EndProject
Project("{FAE04EC0-301F-11D3-BF4B-00C04F79EFBC}") = "Service", "Service\Service.csproj", "{CBD0BADC-19CD-4A93-8804-9A25A9D7DCBA}"
EndProject
Global
	GlobalSection(SolutionConfigurationPlatforms) = preSolution
		Debug|Any CPU = Debug|Any CPU
		Release|Any CPU = Release|Any CPU
	EndGlobalSection
	GlobalSection(ProjectConfigurationPlatforms) = postSolution
		{34BF625A-69B5-41C2-B9DD-06FF480ACBB7}.Debug|Any CPU.ActiveCfg = Debug|Any CPU
		{34BF625A-69B5-41C2-B9DD-06FF480ACBB7}.Debug|Any CPU.Build.0 = Debug|Any CPU
		{34BF625A-69B5-41C2-B9DD-06FF480ACBB7}.Release|Any CPU.ActiveCfg = Release|Any CPU
		{34BF625A-69B5-41C2-B9DD-06FF480ACBB7}.Release|Any CPU.Build.0 = Release|Any CPU
		{83F6F965-FA4E-4E1F-B29B-D1A027E2CD97}.Debug|Any CPU.ActiveCfg = Debug|Any CPU
		{83F6F965-FA4E-4E1F-B29B-D1A027E2CD97}.Debug|Any CPU.Build.0 = Debug|Any CPU
		{83F6F965-FA4E-4E1F-B29B-D1A027E2CD97}.Release|Any CPU.ActiveCfg = Release|Any CPU
		{83F6F965-FA4E-4E1F-B29B-D1A027E2CD97}.Release|Any CPU.Build.0 = Release|Any CPU
		{BA6033C3-804A-4568-9068-ADA3918E06E0}.Debug|Any CPU.ActiveCfg = Debug|Any CPU
		{BA6033C3-804A-4568-9068-ADA3918E06E0}.Debug|Any CPU.Build.0 = Debug|Any CPU
		{BA6033C3-804A-4568-9068-ADA3918E06E0}.Release|Any CPU.ActiveCfg = Release|Any CPU
		{BA6033C3-804A-4568-9068-ADA3918E06E0}.Release|Any CPU.Build.0 = Release|Any CPU
		{CBD0BADC-19CD-4A93-8804-9A25A9D7DCBA}.Debug|Any CPU.ActiveCfg = Debug|Any CPU
		{CBD0BADC-19CD-4A93-8804-9A25A9D7DCBA}.Debug|Any CPU.Build.0 = Debug|Any CPU
		{CBD0BADC-19CD-4A93-8804-9A25A9D7DCBA}.Release|Any CPU.ActiveCfg = Release|Any CPU
		{CBD0BADC-19CD-4A93-8804-9A25A9D7DCBA}.Release|Any CPU.Build.0 = Release|Any CPU
	EndGlobalSection
	GlobalSection(SolutionProperties) = preSolution
		HideSolutionNode = FALSE
	EndGlobalSection
	GlobalSection(NestedProjects) = preSolution
		{D389E3DE-AEE1-42BD-BA0F-F64B6DB7E61D} = {B28D0A45-BF47-4852-BE4F-8D0FAF7674CE}
		{1335E058-74CC-4F5A-AA3D-96A1C8EBE916} = {B28D0A45-BF47-4852-BE4F-8D0FAF7674CE}
		{B203853F-9565-4A34-BB22-50CC7A5C05B0} = {B28D0A45-BF47-4852-BE4F-8D0FAF7674CE}
		{34BF625A-69B5-41C2-B9DD-06FF480ACBB7} = {35EE5B09-761E-474D-ABEA-ECD5F8778B69}
		{83F6F965-FA4E-4E1F-B29B-D1A027E2CD97} = {D389E3DE-AEE1-42BD-BA0F-F64B6DB7E61D}
		{BA6033C3-804A-4568-9068-ADA3918E06E0} = {B203853F-9565-4A34-BB22-50CC7A5C05B0}
		{CBD0BADC-19CD-4A93-8804-9A25A9D7DCBA} = {1335E058-74CC-4F5A-AA3D-96A1C8EBE916}
	EndGlobalSection
	GlobalSection(ExtensibilityGlobals) = postSolution
		SolutionGuid = {60A935A4-EBA7-4BBC-9499-C73AD8699C95}
	EndGlobalSection
EndGlobal
